// !$*UTF8*$!
{
	archiveVersion = 1;
	classes = {
	};
	objectVersion = 77;
	objects = {

/* Begin PBXBuildFile section */
		28A3F8EC2D65973500D8DE44 /* CraveWatch Watch App.app in Embed Watch Content */ = {isa = PBXBuildFile; fileRef = 28A3F8C92D65973300D8DE44 /* CraveWatch Watch App.app */; settings = {ATTRIBUTES = (RemoveHeadersOnCopy, ); }; };
		28A3F90A2D65978500D8DE44 /* RealityKitContent in Frameworks */ = {isa = PBXBuildFile; productRef = 28A3F9092D65978500D8DE44 /* RealityKitContent */; };
/* End PBXBuildFile section */

/* Begin PBXContainerItemProxy section */
		28A3F86C2D65962B00D8DE44 /* PBXContainerItemProxy */ = {
			isa = PBXContainerItemProxy;
			containerPortal = 28A3F8512D65962900D8DE44 /* Project object */;
			proxyType = 1;
			remoteGlobalIDString = 28A3F8582D65962900D8DE44;
			remoteInfo = CraveTrinity;
		};
		28A3F8762D65962B00D8DE44 /* PBXContainerItemProxy */ = {
			isa = PBXContainerItemProxy;
			containerPortal = 28A3F8512D65962900D8DE44 /* Project object */;
			proxyType = 1;
			remoteGlobalIDString = 28A3F8582D65962900D8DE44;
			remoteInfo = CraveTrinity;
		};
		28A3F8D92D65973500D8DE44 /* PBXContainerItemProxy */ = {
			isa = PBXContainerItemProxy;
			containerPortal = 28A3F8512D65962900D8DE44 /* Project object */;
			proxyType = 1;
			remoteGlobalIDString = 28A3F8C82D65973300D8DE44;
			remoteInfo = "CraveWatch Watch App";
		};
		28A3F8E32D65973500D8DE44 /* PBXContainerItemProxy */ = {
			isa = PBXContainerItemProxy;
			containerPortal = 28A3F8512D65962900D8DE44 /* Project object */;
			proxyType = 1;
			remoteGlobalIDString = 28A3F8C82D65973300D8DE44;
			remoteInfo = "CraveWatch Watch App";
		};
		28A3F8EA2D65973500D8DE44 /* PBXContainerItemProxy */ = {
			isa = PBXContainerItemProxy;
			containerPortal = 28A3F8512D65962900D8DE44 /* Project object */;
			proxyType = 1;
			remoteGlobalIDString = 28A3F8C82D65973300D8DE44;
			remoteInfo = "CraveWatch Watch App";
		};
		28A3F91A2D65978600D8DE44 /* PBXContainerItemProxy */ = {
			isa = PBXContainerItemProxy;
			containerPortal = 28A3F8512D65962900D8DE44 /* Project object */;
			proxyType = 1;
			remoteGlobalIDString = 28A3F9042D65978500D8DE44;
			remoteInfo = CraveVision;
		};
/* End PBXContainerItemProxy section */

/* Begin PBXCopyFilesBuildPhase section */
		28A3F8B32D65968100D8DE44 /* Embed Watch Content */ = {
			isa = PBXCopyFilesBuildPhase;
			buildActionMask = 2147483647;
			dstPath = "$(CONTENTS_FOLDER_PATH)/Watch";
			dstSubfolderSpec = 16;
			files = (
				28A3F8EC2D65973500D8DE44 /* CraveWatch Watch App.app in Embed Watch Content */,
			);
			name = "Embed Watch Content";
			runOnlyForDeploymentPostprocessing = 0;
		};
/* End PBXCopyFilesBuildPhase section */

/* Begin PBXFileReference section */
		28A3F8592D65962900D8DE44 /* CravePhone.app */ = {isa = PBXFileReference; explicitFileType = wrapper.application; includeInIndex = 0; path = CravePhone.app; sourceTree = BUILT_PRODUCTS_DIR; };
		28A3F86B2D65962B00D8DE44 /* CravePhoneTests.xctest */ = {isa = PBXFileReference; explicitFileType = wrapper.cfbundle; includeInIndex = 0; path = CravePhoneTests.xctest; sourceTree = BUILT_PRODUCTS_DIR; };
		28A3F8752D65962B00D8DE44 /* CravePhoneUITests.xctest */ = {isa = PBXFileReference; explicitFileType = wrapper.cfbundle; includeInIndex = 0; path = CravePhoneUITests.xctest; sourceTree = BUILT_PRODUCTS_DIR; };
		28A3F8C92D65973300D8DE44 /* CraveWatch Watch App.app */ = {isa = PBXFileReference; explicitFileType = wrapper.application; includeInIndex = 0; path = "CraveWatch Watch App.app"; sourceTree = BUILT_PRODUCTS_DIR; };
		28A3F8D82D65973500D8DE44 /* CraveWatch Watch AppTests.xctest */ = {isa = PBXFileReference; explicitFileType = wrapper.cfbundle; includeInIndex = 0; path = "CraveWatch Watch AppTests.xctest"; sourceTree = BUILT_PRODUCTS_DIR; };
		28A3F8E22D65973500D8DE44 /* CraveWatch Watch AppUITests.xctest */ = {isa = PBXFileReference; explicitFileType = wrapper.cfbundle; includeInIndex = 0; path = "CraveWatch Watch AppUITests.xctest"; sourceTree = BUILT_PRODUCTS_DIR; };
		28A3F9052D65978500D8DE44 /* CraveVision.app */ = {isa = PBXFileReference; explicitFileType = wrapper.application; includeInIndex = 0; path = CraveVision.app; sourceTree = BUILT_PRODUCTS_DIR; };
		28A3F9192D65978600D8DE44 /* CraveVisionTests.xctest */ = {isa = PBXFileReference; explicitFileType = wrapper.cfbundle; includeInIndex = 0; path = CraveVisionTests.xctest; sourceTree = BUILT_PRODUCTS_DIR; };
/* End PBXFileReference section */

/* Begin PBXFileSystemSynchronizedBuildFileExceptionSet section */
		28A3F8C22D65971B00D8DE44 /* Exceptions for "CravePhone" folder in "CravePhone" target */ = {
			isa = PBXFileSystemSynchronizedBuildFileExceptionSet;
			membershipExceptions = (
				Resources/Images/CraveyWatchDemo.gif,
				"Resources/Images/high-vision-one-png.png",
				"Resources/Images/high-vision-one.svg",
				"Resources/Images/high-vision-two-png.png",
				"Resources/Images/high-vision-two.svg",
				Tests/AnalyticsTests/Data/AnalyticsAggregatorTests.swift,
				Tests/AnalyticsTests/Data/AnalyticsConfigurationTests.swift,
				Tests/AnalyticsTests/Data/AnalyticsCoordinatorTests.swift,
				Tests/AnalyticsTests/Data/AnalyticsManagerTests.swift,
				Tests/AnalyticsTests/Data/AnalyticsProcessorTests.swift,
				Tests/AnalyticsTests/Data/AnalyticsStorageTests.swift,
				Tests/AnalyticsTests/Domain/AnalyticsEventTests.swift,
				Tests/AnalyticsTests/Domain/AnalyticsInsightTests.swift,
				Tests/AnalyticsTests/Domain/AnalyticsPatternTests.swift,
				Tests/AnalyticsTests/Domain/AnalyticsPredictionTests.swift,
				Tests/AnalyticsTests/Integration/AnalyticsModelTests.swift,
				Tests/AnalyticsTests/Integration/CravingAnalyticsIntegrationTests.swift,
				Tests/CravingTests/CravingManagerTests.swift,
				Tests/CravingTests/CravingModelTests.swift,
				Tests/CravingTests/InteractionDataTests.swift,
				Tests/Domain/CravePhoneUITests.swift,
				Tests/Domain/CravePhoneUITestsLaunchTests.swift,
				Tests/Integration/CravePhoneUITests.swift,
				Tests/Integration/CravePhoneUITestsLaunchTests.swift,
				Tests/UITests/CravePhoneUITests.swift,
				Tests/UITests/CravePhoneUITestsLaunchTests.swift,
			);
			platformFiltersByRelativePath = {
				Data/DTOs/AnalyticsDTO.swift = (ios, );
				Data/DTOs/CravingDTO.swift = (ios, );
				Data/DataSources/Local/AnalyticsStorage.swift = (ios, );
				Data/DataSources/Remote/APIClient.swift = (ios, );
				Data/DataSources/Remote/ModelContainer.swift = (ios, );
				Data/Mappers/AnalyticsMapper.swift = (ios, );
				Data/Mappers/CravingMapper.swift = (ios, );
				Data/Repositories/AnalyticsRepositoryImpl.swift = (ios, );
				Data/Repositories/CravingManager.swift = (ios, );
				Data/Repositories/CravingRepositoryImpl.swift = (ios, );
				Domain/Entities/Analytics/AnalyticsEntity.swift = (ios, );
				Domain/Entities/Analytics/AnalyticsEvent.swift = (ios, );
				Domain/Entities/Analytics/AnalyticsMetadata.swift = (ios, );
				Domain/Entities/Analytics/BasicAnalyticsResult.swift = (ios, );
				Domain/Entities/Craving/CravingEntity.swift = (ios, );
				Domain/Entities/Craving/CravingEvent.swift = (ios, );
				Domain/Interfaces/Analytics/AnalyticsStorageProtocol.swift = (ios, );
				Domain/Interfaces/Repositories/AnalyticsRepository.swift = (ios, );
				Domain/Interfaces/Repositories/CravingRepository.swift = (ios, );
				Domain/UseCases/Analytics/AnalyticsAggregator.swift = (ios, );
				Domain/UseCases/Analytics/AnalyticsManager.swift = (ios, );
				Domain/UseCases/Analytics/AnalyticsProcessor.swift = (ios, );
				Domain/UseCases/Analytics/AnalyticsService.swift = (ios, );
				Domain/UseCases/Analytics/AnalyticsUseCases.swift = (ios, );
				Domain/UseCases/Analytics/EventTrackingService.swift = (ios, );
				Domain/UseCases/Analytics/PatternDetectionService.swift = (ios, );
				Domain/UseCases/Craving/CravingAnalyzer.swift = (ios, );
				Domain/UseCases/Craving/CravingUseCases.swift = (ios, );
				Domain/UseCases/Craving/DummyAddCravingUseCase.swift = (ios, );
				Domain/UseCases/PhoneConnectivityService.swift = (ios, );
				PhoneApp/DI/DependencyContainer.swift = (ios, );
				PhoneApp/Navigation/AppCoordinator.swift = (ios, );
				PhoneApp/Navigation/CRAVETabView.swift = (ios, );
				PhoneApp/PhoneApp.swift = (ios, );
				Presentation/Common/DesignSystem/Components/CraveTextEditor.swift = (ios, );
				Presentation/Common/DesignSystem/CraveTheme.swift = (ios, );
				"Presentation/Common/Extensions/Date+Extensions.swift" = (ios, );
				"Presentation/Common/Extensions/View+Extensions.swift" = (ios, );
				"Presentation/Configuration/AnalyticsConfiguration+Defaults.swift" = (ios, );
				Presentation/Configuration/AnalyticsConfiguration.swift = (ios, );
				Presentation/ViewModels/Analytics/AnalyticsDashboardViewModel.swift = (ios, );
				Presentation/ViewModels/Analytics/AnalyticsViewModel.swift = (ios, );
				Presentation/ViewModels/Craving/CravingListViewModel.swift = (ios, );
				Presentation/ViewModels/Craving/LogCravingViewModel.swift = (ios, );
				Presentation/Views/Analytics/AnalyticsDashboardView.swift = (ios, );
				Presentation/Views/Analytics/Components/AnalyticsCharts.swift = (ios, );
				Presentation/Views/Analytics/Components/AnalyticsInsight.swift = (ios, );
				Presentation/Views/Analytics/Components/InfiniteMarqueeTextView.swift = (ios, );
				Presentation/Views/Craving/Components/CravingCard.swift = (ios, );
				Presentation/Views/Craving/CravingListView.swift = (ios, );
				Presentation/Views/Craving/LogCravingView.swift = (ios, );
			};
			target = 28A3F8582D65962900D8DE44 /* CravePhone */;
		};
		28A3F8C32D65971B00D8DE44 /* Exceptions for "CravePhone" folder in "CravePhoneTests" target */ = {
			isa = PBXFileSystemSynchronizedBuildFileExceptionSet;
			membershipExceptions = (
				Tests/AnalyticsTests/Data/AnalyticsAggregatorTests.swift,
				Tests/AnalyticsTests/Data/AnalyticsConfigurationTests.swift,
				Tests/AnalyticsTests/Data/AnalyticsCoordinatorTests.swift,
				Tests/AnalyticsTests/Data/AnalyticsManagerTests.swift,
				Tests/AnalyticsTests/Data/AnalyticsProcessorTests.swift,
				Tests/AnalyticsTests/Data/AnalyticsStorageTests.swift,
				Tests/AnalyticsTests/Domain/AnalyticsEventTests.swift,
				Tests/AnalyticsTests/Domain/AnalyticsInsightTests.swift,
				Tests/AnalyticsTests/Domain/AnalyticsPatternTests.swift,
				Tests/AnalyticsTests/Domain/AnalyticsPredictionTests.swift,
				Tests/AnalyticsTests/Integration/AnalyticsModelTests.swift,
				Tests/AnalyticsTests/Integration/CravingAnalyticsIntegrationTests.swift,
				Tests/CravingTests/CravingManagerTests.swift,
				Tests/CravingTests/CravingModelTests.swift,
				Tests/CravingTests/InteractionDataTests.swift,
			);
			platformFiltersByRelativePath = {
				Tests/AnalyticsTests/Data/AnalyticsAggregatorTests.swift = (ios, );
				Tests/AnalyticsTests/Data/AnalyticsConfigurationTests.swift = (ios, );
				Tests/AnalyticsTests/Data/AnalyticsCoordinatorTests.swift = (ios, );
				Tests/AnalyticsTests/Data/AnalyticsManagerTests.swift = (ios, );
				Tests/AnalyticsTests/Data/AnalyticsProcessorTests.swift = (ios, );
				Tests/AnalyticsTests/Data/AnalyticsStorageTests.swift = (ios, );
				Tests/AnalyticsTests/Domain/AnalyticsEventTests.swift = (ios, );
				Tests/AnalyticsTests/Domain/AnalyticsInsightTests.swift = (ios, );
				Tests/AnalyticsTests/Domain/AnalyticsPatternTests.swift = (ios, );
				Tests/AnalyticsTests/Domain/AnalyticsPredictionTests.swift = (ios, );
			};
			target = 28A3F86A2D65962B00D8DE44 /* CravePhoneTests */;
		};
		28A3F8C42D65971B00D8DE44 /* Exceptions for "CravePhone" folder in "CravePhoneUITests" target */ = {
			isa = PBXFileSystemSynchronizedBuildFileExceptionSet;
			membershipExceptions = (
				Tests/Domain/CravePhoneUITests.swift,
				Tests/Domain/CravePhoneUITestsLaunchTests.swift,
				Tests/Integration/CravePhoneUITests.swift,
				Tests/Integration/CravePhoneUITestsLaunchTests.swift,
				Tests/UITests/CravePhoneUITests.swift,
				Tests/UITests/CravePhoneUITestsLaunchTests.swift,
			);
			target = 28A3F8742D65962B00D8DE44 /* CravePhoneUITests */;
		};
		28A3F8FE2D65975E00D8DE44 /* Exceptions for "CraveWatch" folder in "CraveWatch Watch App" target */ = {
			isa = PBXFileSystemSynchronizedBuildFileExceptionSet;
			membershipExceptions = (
				Core/Tests/Integration/MockWatchConnectivityService.swift,
				Core/Tests/Integration/OfflineCravingSyncManagerTests.swift,
				Core/Tests/Unit/CravingLogViewModelTests.swift,
				Core/Tests/Unit/EmergencyTriggerViewModelTests.swift,
				Core/Tests/Unit/VitalsViewModelTests.swift,
			);
			platformFiltersByRelativePath = {
				Core/Presentation/Common/Components/VerticalToggleBar.swift = (watchos, );
				Core/Presentation/Common/WatchCraveTextEditor.swift = (watchos, );
				Core/Presentation/ViewModels/CravingLogViewModel.swift = (watchos, );
				Core/Presentation/ViewModels/VitalsViewModel.swift = (watchos, );
				Core/Presentation/Views/CravingLogView.swift = (watchos, );
				Core/Presentation/Views/VitalsView.swift = (watchos, );
				Core/Services/OfflineCravingSyncManager.swift = (watchos, );
				Core/Services/WatchConnectivityService.swift = (watchos, );
				Core/Services/WatchHapticManager.swift = (watchos, );
				WatchApp/DI/WatchDependencyContainer.swift = (watchos, );
				WatchApp/Navigation/WatchCoordinator.swift = (watchos, );
				WatchApp/WatchApp.swift = (watchos, );
			};
			target = 28A3F8C82D65973300D8DE44 /* CraveWatch Watch App */;
		};
		28A3F8FF2D65975E00D8DE44 /* Exceptions for "CraveWatch" folder in "CraveWatch Watch AppTests" target */ = {
			isa = PBXFileSystemSynchronizedBuildFileExceptionSet;
			membershipExceptions = (
				Core/Tests/Integration/MockWatchConnectivityService.swift,
				Core/Tests/Integration/OfflineCravingSyncManagerTests.swift,
			);
			target = 28A3F8D72D65973500D8DE44 /* CraveWatch Watch AppTests */;
		};
		28A3F9002D65975E00D8DE44 /* Exceptions for "CraveWatch" folder in "CraveWatch Watch AppUITests" target */ = {
			isa = PBXFileSystemSynchronizedBuildFileExceptionSet;
			membershipExceptions = (
				Core/Tests/Unit/CravingLogViewModelTests.swift,
				Core/Tests/Unit/EmergencyTriggerViewModelTests.swift,
				Core/Tests/Unit/VitalsViewModelTests.swift,
			);
			target = 28A3F8E12D65973500D8DE44 /* CraveWatch Watch AppUITests */;
		};
		28A3F91F2D65978600D8DE44 /* Exceptions for "CraveVision" folder in "CraveVision" target */ = {
			isa = PBXFileSystemSynchronizedBuildFileExceptionSet;
			membershipExceptions = (
				CraveVisionTests/CraveVisionTests.swift,
				Info.plist,
				Packages/RealityKitContent,
			);
			target = 28A3F9042D65978500D8DE44 /* CraveVision */;
		};
		28A3F92B2D6597C900D8DE44 /* Exceptions for "CraveVision" folder in "CraveVisionTests" target */ = {
			isa = PBXFileSystemSynchronizedBuildFileExceptionSet;
			membershipExceptions = (
				CraveVisionTests/CraveVisionTests.swift,
			);
			target = 28A3F9182D65978600D8DE44 /* CraveVisionTests */;
		};
/* End PBXFileSystemSynchronizedBuildFileExceptionSet section */

/* Begin PBXFileSystemSynchronizedRootGroup section */
		28A3F85B2D65962900D8DE44 /* CravePhone */ = {
			isa = PBXFileSystemSynchronizedRootGroup;
			exceptions = (
				28A3F8C22D65971B00D8DE44 /* Exceptions for "CravePhone" folder in "CravePhone" target */,
				28A3F8C32D65971B00D8DE44 /* Exceptions for "CravePhone" folder in "CravePhoneTests" target */,
				28A3F8C42D65971B00D8DE44 /* Exceptions for "CravePhone" folder in "CravePhoneUITests" target */,
			);
			path = CravePhone;
			sourceTree = "<group>";
		};
		28A3F8CA2D65973300D8DE44 /* CraveWatch */ = {
			isa = PBXFileSystemSynchronizedRootGroup;
			exceptions = (
				28A3F8FE2D65975E00D8DE44 /* Exceptions for "CraveWatch" folder in "CraveWatch Watch App" target */,
				28A3F8FF2D65975E00D8DE44 /* Exceptions for "CraveWatch" folder in "CraveWatch Watch AppTests" target */,
				28A3F9002D65975E00D8DE44 /* Exceptions for "CraveWatch" folder in "CraveWatch Watch AppUITests" target */,
			);
			path = CraveWatch;
			sourceTree = "<group>";
		};
		28A3F9062D65978500D8DE44 /* CraveVision */ = {
			isa = PBXFileSystemSynchronizedRootGroup;
			exceptions = (
				28A3F91F2D65978600D8DE44 /* Exceptions for "CraveVision" folder in "CraveVision" target */,
				28A3F92B2D6597C900D8DE44 /* Exceptions for "CraveVision" folder in "CraveVisionTests" target */,
			);
			path = CraveVision;
			sourceTree = "<group>";
		};
/* End PBXFileSystemSynchronizedRootGroup section */

/* Begin PBXFrameworksBuildPhase section */
		28A3F8562D65962900D8DE44 /* Frameworks */ = {
			isa = PBXFrameworksBuildPhase;
			buildActionMask = 2147483647;
			files = (
			);
			runOnlyForDeploymentPostprocessing = 0;
		};
		28A3F8682D65962B00D8DE44 /* Frameworks */ = {
			isa = PBXFrameworksBuildPhase;
			buildActionMask = 2147483647;
			files = (
			);
			runOnlyForDeploymentPostprocessing = 0;
		};
		28A3F8722D65962B00D8DE44 /* Frameworks */ = {
			isa = PBXFrameworksBuildPhase;
			buildActionMask = 2147483647;
			files = (
			);
			runOnlyForDeploymentPostprocessing = 0;
		};
		28A3F8C62D65973300D8DE44 /* Frameworks */ = {
			isa = PBXFrameworksBuildPhase;
			buildActionMask = 2147483647;
			files = (
			);
			runOnlyForDeploymentPostprocessing = 0;
		};
		28A3F8D52D65973500D8DE44 /* Frameworks */ = {
			isa = PBXFrameworksBuildPhase;
			buildActionMask = 2147483647;
			files = (
			);
			runOnlyForDeploymentPostprocessing = 0;
		};
		28A3F8DF2D65973500D8DE44 /* Frameworks */ = {
			isa = PBXFrameworksBuildPhase;
			buildActionMask = 2147483647;
			files = (
			);
			runOnlyForDeploymentPostprocessing = 0;
		};
		28A3F9022D65978500D8DE44 /* Frameworks */ = {
			isa = PBXFrameworksBuildPhase;
			buildActionMask = 2147483647;
			files = (
				28A3F90A2D65978500D8DE44 /* RealityKitContent in Frameworks */,
			);
			runOnlyForDeploymentPostprocessing = 0;
		};
		28A3F9162D65978600D8DE44 /* Frameworks */ = {
			isa = PBXFrameworksBuildPhase;
			buildActionMask = 2147483647;
			files = (
			);
			runOnlyForDeploymentPostprocessing = 0;
		};
/* End PBXFrameworksBuildPhase section */

/* Begin PBXGroup section */
		28A3F8502D65962900D8DE44 = {
			isa = PBXGroup;
			children = (
				28A3F85B2D65962900D8DE44 /* CravePhone */,
				28A3F8CA2D65973300D8DE44 /* CraveWatch */,
				28A3F9062D65978500D8DE44 /* CraveVision */,
				28A3F85A2D65962900D8DE44 /* Products */,
			);
			sourceTree = "<group>";
		};
		28A3F85A2D65962900D8DE44 /* Products */ = {
			isa = PBXGroup;
			children = (
				28A3F8592D65962900D8DE44 /* CravePhone.app */,
				28A3F86B2D65962B00D8DE44 /* CravePhoneTests.xctest */,
				28A3F8752D65962B00D8DE44 /* CravePhoneUITests.xctest */,
				28A3F8C92D65973300D8DE44 /* CraveWatch Watch App.app */,
				28A3F8D82D65973500D8DE44 /* CraveWatch Watch AppTests.xctest */,
				28A3F8E22D65973500D8DE44 /* CraveWatch Watch AppUITests.xctest */,
				28A3F9052D65978500D8DE44 /* CraveVision.app */,
				28A3F9192D65978600D8DE44 /* CraveVisionTests.xctest */,
			);
			name = Products;
			sourceTree = "<group>";
		};
/* End PBXGroup section */

/* Begin PBXNativeTarget section */
		28A3F8582D65962900D8DE44 /* CravePhone */ = {
			isa = PBXNativeTarget;
			buildConfigurationList = 28A3F87F2D65962B00D8DE44 /* Build configuration list for PBXNativeTarget "CravePhone" */;
			buildPhases = (
				28A3F8552D65962900D8DE44 /* Sources */,
				28A3F8562D65962900D8DE44 /* Frameworks */,
				28A3F8572D65962900D8DE44 /* Resources */,
				28A3F8B32D65968100D8DE44 /* Embed Watch Content */,
			);
			buildRules = (
			);
			dependencies = (
				28A3F8EB2D65973500D8DE44 /* PBXTargetDependency */,
			);
			fileSystemSynchronizedGroups = (
				28A3F85B2D65962900D8DE44 /* CravePhone */,
			);
			name = CravePhone;
			packageProductDependencies = (
			);
			productName = CraveTrinity;
			productReference = 28A3F8592D65962900D8DE44 /* CravePhone.app */;
			productType = "com.apple.product-type.application";
		};
		28A3F86A2D65962B00D8DE44 /* CravePhoneTests */ = {
			isa = PBXNativeTarget;
			buildConfigurationList = 28A3F8822D65962B00D8DE44 /* Build configuration list for PBXNativeTarget "CravePhoneTests" */;
			buildPhases = (
				28A3F8672D65962B00D8DE44 /* Sources */,
				28A3F8682D65962B00D8DE44 /* Frameworks */,
				28A3F8692D65962B00D8DE44 /* Resources */,
			);
			buildRules = (
			);
			dependencies = (
				28A3F86D2D65962B00D8DE44 /* PBXTargetDependency */,
			);
			name = CravePhoneTests;
			packageProductDependencies = (
			);
			productName = CraveTrinityTests;
			productReference = 28A3F86B2D65962B00D8DE44 /* CravePhoneTests.xctest */;
			productType = "com.apple.product-type.bundle.unit-test";
		};
		28A3F8742D65962B00D8DE44 /* CravePhoneUITests */ = {
			isa = PBXNativeTarget;
			buildConfigurationList = 28A3F8852D65962B00D8DE44 /* Build configuration list for PBXNativeTarget "CravePhoneUITests" */;
			buildPhases = (
				28A3F8712D65962B00D8DE44 /* Sources */,
				28A3F8722D65962B00D8DE44 /* Frameworks */,
				28A3F8732D65962B00D8DE44 /* Resources */,
			);
			buildRules = (
			);
			dependencies = (
				28A3F8772D65962B00D8DE44 /* PBXTargetDependency */,
			);
			name = CravePhoneUITests;
			packageProductDependencies = (
			);
			productName = CraveTrinityUITests;
			productReference = 28A3F8752D65962B00D8DE44 /* CravePhoneUITests.xctest */;
			productType = "com.apple.product-type.bundle.ui-testing";
		};
		28A3F8C82D65973300D8DE44 /* CraveWatch Watch App */ = {
			isa = PBXNativeTarget;
			buildConfigurationList = 28A3F8ED2D65973500D8DE44 /* Build configuration list for PBXNativeTarget "CraveWatch Watch App" */;
			buildPhases = (
				28A3F8C52D65973300D8DE44 /* Sources */,
				28A3F8C62D65973300D8DE44 /* Frameworks */,
				28A3F8C72D65973300D8DE44 /* Resources */,
			);
			buildRules = (
			);
			dependencies = (
			);
			fileSystemSynchronizedGroups = (
				28A3F8CA2D65973300D8DE44 /* CraveWatch */,
			);
			name = "CraveWatch Watch App";
			packageProductDependencies = (
			);
			productName = "CraveWatch Watch App";
			productReference = 28A3F8C92D65973300D8DE44 /* CraveWatch Watch App.app */;
			productType = "com.apple.product-type.application";
		};
		28A3F8D72D65973500D8DE44 /* CraveWatch Watch AppTests */ = {
			isa = PBXNativeTarget;
			buildConfigurationList = 28A3F8F02D65973500D8DE44 /* Build configuration list for PBXNativeTarget "CraveWatch Watch AppTests" */;
			buildPhases = (
				28A3F8D42D65973500D8DE44 /* Sources */,
				28A3F8D52D65973500D8DE44 /* Frameworks */,
				28A3F8D62D65973500D8DE44 /* Resources */,
			);
			buildRules = (
			);
			dependencies = (
				28A3F8DA2D65973500D8DE44 /* PBXTargetDependency */,
			);
			name = "CraveWatch Watch AppTests";
			packageProductDependencies = (
			);
			productName = "CraveWatch Watch AppTests";
			productReference = 28A3F8D82D65973500D8DE44 /* CraveWatch Watch AppTests.xctest */;
			productType = "com.apple.product-type.bundle.unit-test";
		};
		28A3F8E12D65973500D8DE44 /* CraveWatch Watch AppUITests */ = {
			isa = PBXNativeTarget;
			buildConfigurationList = 28A3F8F32D65973500D8DE44 /* Build configuration list for PBXNativeTarget "CraveWatch Watch AppUITests" */;
			buildPhases = (
				28A3F8DE2D65973500D8DE44 /* Sources */,
				28A3F8DF2D65973500D8DE44 /* Frameworks */,
				28A3F8E02D65973500D8DE44 /* Resources */,
			);
			buildRules = (
			);
			dependencies = (
				28A3F8E42D65973500D8DE44 /* PBXTargetDependency */,
			);
			name = "CraveWatch Watch AppUITests";
			packageProductDependencies = (
			);
			productName = "CraveWatch Watch AppUITests";
			productReference = 28A3F8E22D65973500D8DE44 /* CraveWatch Watch AppUITests.xctest */;
			productType = "com.apple.product-type.bundle.ui-testing";
		};
		28A3F9042D65978500D8DE44 /* CraveVision */ = {
			isa = PBXNativeTarget;
			buildConfigurationList = 28A3F9202D65978600D8DE44 /* Build configuration list for PBXNativeTarget "CraveVision" */;
			buildPhases = (
				28A3F9012D65978500D8DE44 /* Sources */,
				28A3F9022D65978500D8DE44 /* Frameworks */,
				28A3F9032D65978500D8DE44 /* Resources */,
			);
			buildRules = (
			);
			dependencies = (
			);
			fileSystemSynchronizedGroups = (
				28A3F9062D65978500D8DE44 /* CraveVision */,
			);
			name = CraveVision;
			packageProductDependencies = (
				28A3F9092D65978500D8DE44 /* RealityKitContent */,
			);
			productName = CraveVision;
			productReference = 28A3F9052D65978500D8DE44 /* CraveVision.app */;
			productType = "com.apple.product-type.application";
		};
		28A3F9182D65978600D8DE44 /* CraveVisionTests */ = {
			isa = PBXNativeTarget;
			buildConfigurationList = 28A3F9232D65978600D8DE44 /* Build configuration list for PBXNativeTarget "CraveVisionTests" */;
			buildPhases = (
				28A3F9152D65978600D8DE44 /* Sources */,
				28A3F9162D65978600D8DE44 /* Frameworks */,
				28A3F9172D65978600D8DE44 /* Resources */,
			);
			buildRules = (
			);
			dependencies = (
				28A3F91B2D65978600D8DE44 /* PBXTargetDependency */,
			);
			name = CraveVisionTests;
			packageProductDependencies = (
			);
			productName = CraveVisionTests;
			productReference = 28A3F9192D65978600D8DE44 /* CraveVisionTests.xctest */;
			productType = "com.apple.product-type.bundle.unit-test";
		};
/* End PBXNativeTarget section */

/* Begin PBXProject section */
		28A3F8512D65962900D8DE44 /* Project object */ = {
			isa = PBXProject;
			attributes = {
				BuildIndependentTargetsInParallel = 1;
				LastSwiftUpdateCheck = 1620;
				LastUpgradeCheck = 1620;
				TargetAttributes = {
					28A3F8582D65962900D8DE44 = {
						CreatedOnToolsVersion = 16.2;
					};
					28A3F86A2D65962B00D8DE44 = {
						CreatedOnToolsVersion = 16.2;
						TestTargetID = 28A3F8582D65962900D8DE44;
					};
					28A3F8742D65962B00D8DE44 = {
						CreatedOnToolsVersion = 16.2;
						TestTargetID = 28A3F8582D65962900D8DE44;
					};
					28A3F8C82D65973300D8DE44 = {
						CreatedOnToolsVersion = 16.2;
					};
					28A3F8D72D65973500D8DE44 = {
						CreatedOnToolsVersion = 16.2;
						TestTargetID = 28A3F8C82D65973300D8DE44;
					};
					28A3F8E12D65973500D8DE44 = {
						CreatedOnToolsVersion = 16.2;
						TestTargetID = 28A3F8C82D65973300D8DE44;
					};
					28A3F9042D65978500D8DE44 = {
						CreatedOnToolsVersion = 16.2;
					};
					28A3F9182D65978600D8DE44 = {
						CreatedOnToolsVersion = 16.2;
						TestTargetID = 28A3F9042D65978500D8DE44;
					};
				};
			};
			buildConfigurationList = 28A3F8542D65962900D8DE44 /* Build configuration list for PBXProject "CraveTrinity" */;
			developmentRegion = en;
			hasScannedForEncodings = 0;
			knownRegions = (
				en,
				Base,
			);
			mainGroup = 28A3F8502D65962900D8DE44;
			minimizedProjectReferenceProxies = 1;
			preferredProjectObjectVersion = 77;
			productRefGroup = 28A3F85A2D65962900D8DE44 /* Products */;
			projectDirPath = "";
			projectRoot = "";
			targets = (
				28A3F8582D65962900D8DE44 /* CravePhone */,
				28A3F86A2D65962B00D8DE44 /* CravePhoneTests */,
				28A3F8742D65962B00D8DE44 /* CravePhoneUITests */,
				28A3F8C82D65973300D8DE44 /* CraveWatch Watch App */,
				28A3F8D72D65973500D8DE44 /* CraveWatch Watch AppTests */,
				28A3F8E12D65973500D8DE44 /* CraveWatch Watch AppUITests */,
				28A3F9042D65978500D8DE44 /* CraveVision */,
				28A3F9182D65978600D8DE44 /* CraveVisionTests */,
			);
		};
/* End PBXProject section */

/* Begin PBXResourcesBuildPhase section */
		28A3F8572D65962900D8DE44 /* Resources */ = {
			isa = PBXResourcesBuildPhase;
			buildActionMask = 2147483647;
			files = (
			);
			runOnlyForDeploymentPostprocessing = 0;
		};
		28A3F8692D65962B00D8DE44 /* Resources */ = {
			isa = PBXResourcesBuildPhase;
			buildActionMask = 2147483647;
			files = (
			);
			runOnlyForDeploymentPostprocessing = 0;
		};
		28A3F8732D65962B00D8DE44 /* Resources */ = {
			isa = PBXResourcesBuildPhase;
			buildActionMask = 2147483647;
			files = (
			);
			runOnlyForDeploymentPostprocessing = 0;
		};
		28A3F8C72D65973300D8DE44 /* Resources */ = {
			isa = PBXResourcesBuildPhase;
			buildActionMask = 2147483647;
			files = (
			);
			runOnlyForDeploymentPostprocessing = 0;
		};
		28A3F8D62D65973500D8DE44 /* Resources */ = {
			isa = PBXResourcesBuildPhase;
			buildActionMask = 2147483647;
			files = (
			);
			runOnlyForDeploymentPostprocessing = 0;
		};
		28A3F8E02D65973500D8DE44 /* Resources */ = {
			isa = PBXResourcesBuildPhase;
			buildActionMask = 2147483647;
			files = (
			);
			runOnlyForDeploymentPostprocessing = 0;
		};
		28A3F9032D65978500D8DE44 /* Resources */ = {
			isa = PBXResourcesBuildPhase;
			buildActionMask = 2147483647;
			files = (
			);
			runOnlyForDeploymentPostprocessing = 0;
		};
		28A3F9172D65978600D8DE44 /* Resources */ = {
			isa = PBXResourcesBuildPhase;
			buildActionMask = 2147483647;
			files = (
			);
			runOnlyForDeploymentPostprocessing = 0;
		};
/* End PBXResourcesBuildPhase section */

/* Begin PBXSourcesBuildPhase section */
		28A3F8552D65962900D8DE44 /* Sources */ = {
			isa = PBXSourcesBuildPhase;
			buildActionMask = 2147483647;
			files = (
			);
			runOnlyForDeploymentPostprocessing = 0;
		};
		28A3F8672D65962B00D8DE44 /* Sources */ = {
			isa = PBXSourcesBuildPhase;
			buildActionMask = 2147483647;
			files = (
			);
			runOnlyForDeploymentPostprocessing = 0;
		};
		28A3F8712D65962B00D8DE44 /* Sources */ = {
			isa = PBXSourcesBuildPhase;
			buildActionMask = 2147483647;
			files = (
			);
			runOnlyForDeploymentPostprocessing = 0;
		};
		28A3F8C52D65973300D8DE44 /* Sources */ = {
			isa = PBXSourcesBuildPhase;
			buildActionMask = 2147483647;
			files = (
			);
			runOnlyForDeploymentPostprocessing = 0;
		};
		28A3F8D42D65973500D8DE44 /* Sources */ = {
			isa = PBXSourcesBuildPhase;
			buildActionMask = 2147483647;
			files = (
			);
			runOnlyForDeploymentPostprocessing = 0;
		};
		28A3F8DE2D65973500D8DE44 /* Sources */ = {
			isa = PBXSourcesBuildPhase;
			buildActionMask = 2147483647;
			files = (
			);
			runOnlyForDeploymentPostprocessing = 0;
		};
		28A3F9012D65978500D8DE44 /* Sources */ = {
			isa = PBXSourcesBuildPhase;
			buildActionMask = 2147483647;
			files = (
			);
			runOnlyForDeploymentPostprocessing = 0;
		};
		28A3F9152D65978600D8DE44 /* Sources */ = {
			isa = PBXSourcesBuildPhase;
			buildActionMask = 2147483647;
			files = (
			);
			runOnlyForDeploymentPostprocessing = 0;
		};
/* End PBXSourcesBuildPhase section */

/* Begin PBXTargetDependency section */
		28A3F86D2D65962B00D8DE44 /* PBXTargetDependency */ = {
			isa = PBXTargetDependency;
			target = 28A3F8582D65962900D8DE44 /* CravePhone */;
			targetProxy = 28A3F86C2D65962B00D8DE44 /* PBXContainerItemProxy */;
		};
		28A3F8772D65962B00D8DE44 /* PBXTargetDependency */ = {
			isa = PBXTargetDependency;
			target = 28A3F8582D65962900D8DE44 /* CravePhone */;
			targetProxy = 28A3F8762D65962B00D8DE44 /* PBXContainerItemProxy */;
		};
		28A3F8DA2D65973500D8DE44 /* PBXTargetDependency */ = {
			isa = PBXTargetDependency;
			target = 28A3F8C82D65973300D8DE44 /* CraveWatch Watch App */;
			targetProxy = 28A3F8D92D65973500D8DE44 /* PBXContainerItemProxy */;
		};
		28A3F8E42D65973500D8DE44 /* PBXTargetDependency */ = {
			isa = PBXTargetDependency;
			target = 28A3F8C82D65973300D8DE44 /* CraveWatch Watch App */;
			targetProxy = 28A3F8E32D65973500D8DE44 /* PBXContainerItemProxy */;
		};
		28A3F8EB2D65973500D8DE44 /* PBXTargetDependency */ = {
			isa = PBXTargetDependency;
			target = 28A3F8C82D65973300D8DE44 /* CraveWatch Watch App */;
			targetProxy = 28A3F8EA2D65973500D8DE44 /* PBXContainerItemProxy */;
		};
		28A3F91B2D65978600D8DE44 /* PBXTargetDependency */ = {
			isa = PBXTargetDependency;
			target = 28A3F9042D65978500D8DE44 /* CraveVision */;
			targetProxy = 28A3F91A2D65978600D8DE44 /* PBXContainerItemProxy */;
		};
/* End PBXTargetDependency section */

/* Begin XCBuildConfiguration section */
		28A3F87D2D65962B00D8DE44 /* Debug */ = {
			isa = XCBuildConfiguration;
			buildSettings = {
				ALWAYS_SEARCH_USER_PATHS = NO;
				ASSETCATALOG_COMPILER_GENERATE_SWIFT_ASSET_SYMBOL_EXTENSIONS = YES;
				CLANG_ANALYZER_NONNULL = YES;
				CLANG_ANALYZER_NUMBER_OBJECT_CONVERSION = YES_AGGRESSIVE;
				CLANG_CXX_LANGUAGE_STANDARD = "gnu++20";
				CLANG_ENABLE_MODULES = YES;
				CLANG_ENABLE_OBJC_ARC = YES;
				CLANG_ENABLE_OBJC_WEAK = YES;
				CLANG_WARN_BLOCK_CAPTURE_AUTORELEASING = YES;
				CLANG_WARN_BOOL_CONVERSION = YES;
				CLANG_WARN_COMMA = YES;
				CLANG_WARN_CONSTANT_CONVERSION = YES;
				CLANG_WARN_DEPRECATED_OBJC_IMPLEMENTATIONS = YES;
				CLANG_WARN_DIRECT_OBJC_ISA_USAGE = YES_ERROR;
				CLANG_WARN_DOCUMENTATION_COMMENTS = YES;
				CLANG_WARN_EMPTY_BODY = YES;
				CLANG_WARN_ENUM_CONVERSION = YES;
				CLANG_WARN_INFINITE_RECURSION = YES;
				CLANG_WARN_INT_CONVERSION = YES;
				CLANG_WARN_NON_LITERAL_NULL_CONVERSION = YES;
				CLANG_WARN_OBJC_IMPLICIT_RETAIN_SELF = YES;
				CLANG_WARN_OBJC_LITERAL_CONVERSION = YES;
				CLANG_WARN_OBJC_ROOT_CLASS = YES_ERROR;
				CLANG_WARN_QUOTED_INCLUDE_IN_FRAMEWORK_HEADER = YES;
				CLANG_WARN_RANGE_LOOP_ANALYSIS = YES;
				CLANG_WARN_STRICT_PROTOTYPES = YES;
				CLANG_WARN_SUSPICIOUS_MOVE = YES;
				CLANG_WARN_UNGUARDED_AVAILABILITY = YES_AGGRESSIVE;
				CLANG_WARN_UNREACHABLE_CODE = YES;
				CLANG_WARN__DUPLICATE_METHOD_MATCH = YES;
				COPY_PHASE_STRIP = NO;
				DEBUG_INFORMATION_FORMAT = dwarf;
				ENABLE_STRICT_OBJC_MSGSEND = YES;
				ENABLE_TESTABILITY = YES;
				ENABLE_USER_SCRIPT_SANDBOXING = YES;
				GCC_C_LANGUAGE_STANDARD = gnu17;
				GCC_DYNAMIC_NO_PIC = NO;
				GCC_NO_COMMON_BLOCKS = YES;
				GCC_OPTIMIZATION_LEVEL = 0;
				GCC_PREPROCESSOR_DEFINITIONS = (
					"DEBUG=1",
					"$(inherited)",
				);
				GCC_WARN_64_TO_32_BIT_CONVERSION = YES;
				GCC_WARN_ABOUT_RETURN_TYPE = YES_ERROR;
				GCC_WARN_UNDECLARED_SELECTOR = YES;
				GCC_WARN_UNINITIALIZED_AUTOS = YES_AGGRESSIVE;
				GCC_WARN_UNUSED_FUNCTION = YES;
				GCC_WARN_UNUSED_VARIABLE = YES;
				IPHONEOS_DEPLOYMENT_TARGET = 18.2;
				LOCALIZATION_PREFERS_STRING_CATALOGS = YES;
				MTL_ENABLE_DEBUG_INFO = INCLUDE_SOURCE;
				MTL_FAST_MATH = YES;
				ONLY_ACTIVE_ARCH = YES;
				SDKROOT = iphoneos;
				SWIFT_ACTIVE_COMPILATION_CONDITIONS = "DEBUG $(inherited)";
				SWIFT_OPTIMIZATION_LEVEL = "-Onone";
			};
			name = Debug;
		};
		28A3F87E2D65962B00D8DE44 /* Release */ = {
			isa = XCBuildConfiguration;
			buildSettings = {
				ALWAYS_SEARCH_USER_PATHS = NO;
				ASSETCATALOG_COMPILER_GENERATE_SWIFT_ASSET_SYMBOL_EXTENSIONS = YES;
				CLANG_ANALYZER_NONNULL = YES;
				CLANG_ANALYZER_NUMBER_OBJECT_CONVERSION = YES_AGGRESSIVE;
				CLANG_CXX_LANGUAGE_STANDARD = "gnu++20";
				CLANG_ENABLE_MODULES = YES;
				CLANG_ENABLE_OBJC_ARC = YES;
				CLANG_ENABLE_OBJC_WEAK = YES;
				CLANG_WARN_BLOCK_CAPTURE_AUTORELEASING = YES;
				CLANG_WARN_BOOL_CONVERSION = YES;
				CLANG_WARN_COMMA = YES;
				CLANG_WARN_CONSTANT_CONVERSION = YES;
				CLANG_WARN_DEPRECATED_OBJC_IMPLEMENTATIONS = YES;
				CLANG_WARN_DIRECT_OBJC_ISA_USAGE = YES_ERROR;
				CLANG_WARN_DOCUMENTATION_COMMENTS = YES;
				CLANG_WARN_EMPTY_BODY = YES;
				CLANG_WARN_ENUM_CONVERSION = YES;
				CLANG_WARN_INFINITE_RECURSION = YES;
				CLANG_WARN_INT_CONVERSION = YES;
				CLANG_WARN_NON_LITERAL_NULL_CONVERSION = YES;
				CLANG_WARN_OBJC_IMPLICIT_RETAIN_SELF = YES;
				CLANG_WARN_OBJC_LITERAL_CONVERSION = YES;
				CLANG_WARN_OBJC_ROOT_CLASS = YES_ERROR;
				CLANG_WARN_QUOTED_INCLUDE_IN_FRAMEWORK_HEADER = YES;
				CLANG_WARN_RANGE_LOOP_ANALYSIS = YES;
				CLANG_WARN_STRICT_PROTOTYPES = YES;
				CLANG_WARN_SUSPICIOUS_MOVE = YES;
				CLANG_WARN_UNGUARDED_AVAILABILITY = YES_AGGRESSIVE;
				CLANG_WARN_UNREACHABLE_CODE = YES;
				CLANG_WARN__DUPLICATE_METHOD_MATCH = YES;
				COPY_PHASE_STRIP = NO;
				DEBUG_INFORMATION_FORMAT = "dwarf-with-dsym";
				ENABLE_NS_ASSERTIONS = NO;
				ENABLE_STRICT_OBJC_MSGSEND = YES;
				ENABLE_USER_SCRIPT_SANDBOXING = YES;
				GCC_C_LANGUAGE_STANDARD = gnu17;
				GCC_NO_COMMON_BLOCKS = YES;
				GCC_WARN_64_TO_32_BIT_CONVERSION = YES;
				GCC_WARN_ABOUT_RETURN_TYPE = YES_ERROR;
				GCC_WARN_UNDECLARED_SELECTOR = YES;
				GCC_WARN_UNINITIALIZED_AUTOS = YES_AGGRESSIVE;
				GCC_WARN_UNUSED_FUNCTION = YES;
				GCC_WARN_UNUSED_VARIABLE = YES;
				IPHONEOS_DEPLOYMENT_TARGET = 18.2;
				LOCALIZATION_PREFERS_STRING_CATALOGS = YES;
				MTL_ENABLE_DEBUG_INFO = NO;
				MTL_FAST_MATH = YES;
				SDKROOT = iphoneos;
				SWIFT_COMPILATION_MODE = wholemodule;
				VALIDATE_PRODUCT = YES;
			};
			name = Release;
		};
		28A3F8802D65962B00D8DE44 /* Debug */ = {
			isa = XCBuildConfiguration;
			buildSettings = {
				ASSETCATALOG_COMPILER_APPICON_NAME = AppIcon;
				ASSETCATALOG_COMPILER_GLOBAL_ACCENT_COLOR_NAME = AccentColor;
				CODE_SIGN_STYLE = Automatic;
				CURRENT_PROJECT_VERSION = 1;
				DEVELOPMENT_ASSET_PATHS = "'CravePhone/Resources/Preview Content'";
				DEVELOPMENT_TEAM = HJ7W9PTAD8;
				ENABLE_PREVIEWS = YES;
				GENERATE_INFOPLIST_FILE = YES;
				INFOPLIST_KEY_UIApplicationSceneManifest_Generation = YES;
				INFOPLIST_KEY_UIApplicationSupportsIndirectInputEvents = YES;
				INFOPLIST_KEY_UILaunchScreen_Generation = YES;
				INFOPLIST_KEY_UISupportedInterfaceOrientations_iPad = "UIInterfaceOrientationPortrait UIInterfaceOrientationPortraitUpsideDown UIInterfaceOrientationLandscapeLeft UIInterfaceOrientationLandscapeRight";
				INFOPLIST_KEY_UISupportedInterfaceOrientations_iPhone = "UIInterfaceOrientationPortrait UIInterfaceOrientationLandscapeLeft UIInterfaceOrientationLandscapeRight";
				LD_RUNPATH_SEARCH_PATHS = (
					"$(inherited)",
					"@executable_path/Frameworks",
				);
				MARKETING_VERSION = 1.0;
				PRODUCT_BUNDLE_IDENTIFIER = com.Novamind.CRAVE.CraveTrinity;
				PRODUCT_NAME = "$(TARGET_NAME)";
				SWIFT_EMIT_LOC_STRINGS = YES;
				SWIFT_VERSION = 5.0;
				TARGETED_DEVICE_FAMILY = "1,2";
			};
			name = Debug;
		};
		28A3F8812D65962B00D8DE44 /* Release */ = {
			isa = XCBuildConfiguration;
			buildSettings = {
				ASSETCATALOG_COMPILER_APPICON_NAME = AppIcon;
				ASSETCATALOG_COMPILER_GLOBAL_ACCENT_COLOR_NAME = AccentColor;
				CODE_SIGN_STYLE = Automatic;
				CURRENT_PROJECT_VERSION = 1;
				DEVELOPMENT_ASSET_PATHS = "'CravePhone/Resources/Preview Content'";
				DEVELOPMENT_TEAM = HJ7W9PTAD8;
				ENABLE_PREVIEWS = YES;
				GENERATE_INFOPLIST_FILE = YES;
				INFOPLIST_KEY_UIApplicationSceneManifest_Generation = YES;
				INFOPLIST_KEY_UIApplicationSupportsIndirectInputEvents = YES;
				INFOPLIST_KEY_UILaunchScreen_Generation = YES;
				INFOPLIST_KEY_UISupportedInterfaceOrientations_iPad = "UIInterfaceOrientationPortrait UIInterfaceOrientationPortraitUpsideDown UIInterfaceOrientationLandscapeLeft UIInterfaceOrientationLandscapeRight";
				INFOPLIST_KEY_UISupportedInterfaceOrientations_iPhone = "UIInterfaceOrientationPortrait UIInterfaceOrientationLandscapeLeft UIInterfaceOrientationLandscapeRight";
				LD_RUNPATH_SEARCH_PATHS = (
					"$(inherited)",
					"@executable_path/Frameworks",
				);
				MARKETING_VERSION = 1.0;
				PRODUCT_BUNDLE_IDENTIFIER = com.Novamind.CRAVE.CraveTrinity;
				PRODUCT_NAME = "$(TARGET_NAME)";
				SWIFT_EMIT_LOC_STRINGS = YES;
				SWIFT_VERSION = 5.0;
				TARGETED_DEVICE_FAMILY = "1,2";
			};
			name = Release;
		};
		28A3F8832D65962B00D8DE44 /* Debug */ = {
			isa = XCBuildConfiguration;
			buildSettings = {
				BUNDLE_LOADER = "$(TEST_HOST)";
				CODE_SIGN_STYLE = Automatic;
				CURRENT_PROJECT_VERSION = 1;
				DEVELOPMENT_TEAM = HJ7W9PTAD8;
				GENERATE_INFOPLIST_FILE = YES;
				IPHONEOS_DEPLOYMENT_TARGET = 18.2;
				MARKETING_VERSION = 1.0;
				PRODUCT_BUNDLE_IDENTIFIER = com.Novamind.CRAVE.CraveTrinityTests;
				PRODUCT_NAME = "$(TARGET_NAME)";
				SWIFT_EMIT_LOC_STRINGS = NO;
				SWIFT_VERSION = 5.0;
				TARGETED_DEVICE_FAMILY = "1,2";
				TEST_HOST = "$(BUILT_PRODUCTS_DIR)/CraveTrinity.app/$(BUNDLE_EXECUTABLE_FOLDER_PATH)/CraveTrinity";
			};
			name = Debug;
		};
		28A3F8842D65962B00D8DE44 /* Release */ = {
			isa = XCBuildConfiguration;
			buildSettings = {
				BUNDLE_LOADER = "$(TEST_HOST)";
				CODE_SIGN_STYLE = Automatic;
				CURRENT_PROJECT_VERSION = 1;
				DEVELOPMENT_TEAM = HJ7W9PTAD8;
				GENERATE_INFOPLIST_FILE = YES;
				IPHONEOS_DEPLOYMENT_TARGET = 18.2;
				MARKETING_VERSION = 1.0;
				PRODUCT_BUNDLE_IDENTIFIER = com.Novamind.CRAVE.CraveTrinityTests;
				PRODUCT_NAME = "$(TARGET_NAME)";
				SWIFT_EMIT_LOC_STRINGS = NO;
				SWIFT_VERSION = 5.0;
				TARGETED_DEVICE_FAMILY = "1,2";
				TEST_HOST = "$(BUILT_PRODUCTS_DIR)/CraveTrinity.app/$(BUNDLE_EXECUTABLE_FOLDER_PATH)/CraveTrinity";
			};
			name = Release;
		};
		28A3F8862D65962B00D8DE44 /* Debug */ = {
			isa = XCBuildConfiguration;
			buildSettings = {
				CODE_SIGN_STYLE = Automatic;
				CURRENT_PROJECT_VERSION = 1;
				DEVELOPMENT_TEAM = HJ7W9PTAD8;
				GENERATE_INFOPLIST_FILE = YES;
				MARKETING_VERSION = 1.0;
				PRODUCT_BUNDLE_IDENTIFIER = com.Novamind.CRAVE.CraveTrinityUITests;
				PRODUCT_NAME = "$(TARGET_NAME)";
				SWIFT_EMIT_LOC_STRINGS = NO;
				SWIFT_VERSION = 5.0;
				TARGETED_DEVICE_FAMILY = "1,2";
				TEST_TARGET_NAME = CraveTrinity;
			};
			name = Debug;
		};
		28A3F8872D65962B00D8DE44 /* Release */ = {
			isa = XCBuildConfiguration;
			buildSettings = {
				CODE_SIGN_STYLE = Automatic;
				CURRENT_PROJECT_VERSION = 1;
				DEVELOPMENT_TEAM = HJ7W9PTAD8;
				GENERATE_INFOPLIST_FILE = YES;
				MARKETING_VERSION = 1.0;
				PRODUCT_BUNDLE_IDENTIFIER = com.Novamind.CRAVE.CraveTrinityUITests;
				PRODUCT_NAME = "$(TARGET_NAME)";
				SWIFT_EMIT_LOC_STRINGS = NO;
				SWIFT_VERSION = 5.0;
				TARGETED_DEVICE_FAMILY = "1,2";
				TEST_TARGET_NAME = CraveTrinity;
			};
			name = Release;
		};
		28A3F8EE2D65973500D8DE44 /* Debug */ = {
			isa = XCBuildConfiguration;
			buildSettings = {
				ASSETCATALOG_COMPILER_APPICON_NAME = AppIcon;
				ASSETCATALOG_COMPILER_GLOBAL_ACCENT_COLOR_NAME = AccentColor;
				CODE_SIGN_STYLE = Automatic;
				CURRENT_PROJECT_VERSION = 1;
				DEVELOPMENT_ASSET_PATHS = "\"CraveWatch/Core/Resources/Preview Content\"";
				DEVELOPMENT_TEAM = HJ7W9PTAD8;
				ENABLE_PREVIEWS = YES;
				GENERATE_INFOPLIST_FILE = YES;
				INFOPLIST_KEY_CFBundleDisplayName = CraveWatch;
				INFOPLIST_KEY_UISupportedInterfaceOrientations = "UIInterfaceOrientationPortrait UIInterfaceOrientationPortraitUpsideDown";
				INFOPLIST_KEY_WKCompanionAppBundleIdentifier = com.Novamind.CRAVE.CraveTrinity;
				LD_RUNPATH_SEARCH_PATHS = (
					"$(inherited)",
					"@executable_path/Frameworks",
				);
				MARKETING_VERSION = 1.0;
				PRODUCT_BUNDLE_IDENTIFIER = com.Novamind.CRAVE.CraveTrinity.watchkitapp;
				PRODUCT_NAME = "$(TARGET_NAME)";
				SDKROOT = watchos;
				SKIP_INSTALL = YES;
				SWIFT_EMIT_LOC_STRINGS = YES;
				SWIFT_VERSION = 5.0;
				TARGETED_DEVICE_FAMILY = 4;
				WATCHOS_DEPLOYMENT_TARGET = 11.2;
			};
			name = Debug;
		};
		28A3F8EF2D65973500D8DE44 /* Release */ = {
			isa = XCBuildConfiguration;
			buildSettings = {
				ASSETCATALOG_COMPILER_APPICON_NAME = AppIcon;
				ASSETCATALOG_COMPILER_GLOBAL_ACCENT_COLOR_NAME = AccentColor;
				CODE_SIGN_STYLE = Automatic;
				CURRENT_PROJECT_VERSION = 1;
				DEVELOPMENT_ASSET_PATHS = "\"CraveWatch/Core/Resources/Preview Content\"";
				DEVELOPMENT_TEAM = HJ7W9PTAD8;
				ENABLE_PREVIEWS = YES;
				GENERATE_INFOPLIST_FILE = YES;
				INFOPLIST_KEY_CFBundleDisplayName = CraveWatch;
				INFOPLIST_KEY_UISupportedInterfaceOrientations = "UIInterfaceOrientationPortrait UIInterfaceOrientationPortraitUpsideDown";
				INFOPLIST_KEY_WKCompanionAppBundleIdentifier = com.Novamind.CRAVE.CraveTrinity;
				LD_RUNPATH_SEARCH_PATHS = (
					"$(inherited)",
					"@executable_path/Frameworks",
				);
				MARKETING_VERSION = 1.0;
				PRODUCT_BUNDLE_IDENTIFIER = com.Novamind.CRAVE.CraveTrinity.watchkitapp;
				PRODUCT_NAME = "$(TARGET_NAME)";
				SDKROOT = watchos;
				SKIP_INSTALL = YES;
				SWIFT_EMIT_LOC_STRINGS = YES;
				SWIFT_VERSION = 5.0;
				TARGETED_DEVICE_FAMILY = 4;
				WATCHOS_DEPLOYMENT_TARGET = 11.2;
			};
			name = Release;
		};
		28A3F8F12D65973500D8DE44 /* Debug */ = {
			isa = XCBuildConfiguration;
			buildSettings = {
				BUNDLE_LOADER = "$(TEST_HOST)";
				CODE_SIGN_STYLE = Automatic;
				CURRENT_PROJECT_VERSION = 1;
				DEVELOPMENT_TEAM = HJ7W9PTAD8;
				GENERATE_INFOPLIST_FILE = YES;
				MARKETING_VERSION = 1.0;
				PRODUCT_BUNDLE_IDENTIFIER = "com.Novamind.CRAVE.CraveWatch-Watch-AppTests";
				PRODUCT_NAME = "$(TARGET_NAME)";
				SDKROOT = watchos;
				SWIFT_EMIT_LOC_STRINGS = NO;
				SWIFT_VERSION = 5.0;
				TARGETED_DEVICE_FAMILY = 4;
				TEST_HOST = "$(BUILT_PRODUCTS_DIR)/CraveWatch Watch App.app/$(BUNDLE_EXECUTABLE_FOLDER_PATH)/CraveWatch Watch App";
				WATCHOS_DEPLOYMENT_TARGET = 11.2;
			};
			name = Debug;
		};
		28A3F8F22D65973500D8DE44 /* Release */ = {
			isa = XCBuildConfiguration;
			buildSettings = {
				BUNDLE_LOADER = "$(TEST_HOST)";
				CODE_SIGN_STYLE = Automatic;
				CURRENT_PROJECT_VERSION = 1;
				DEVELOPMENT_TEAM = HJ7W9PTAD8;
				GENERATE_INFOPLIST_FILE = YES;
				MARKETING_VERSION = 1.0;
				PRODUCT_BUNDLE_IDENTIFIER = "com.Novamind.CRAVE.CraveWatch-Watch-AppTests";
				PRODUCT_NAME = "$(TARGET_NAME)";
				SDKROOT = watchos;
				SWIFT_EMIT_LOC_STRINGS = NO;
				SWIFT_VERSION = 5.0;
				TARGETED_DEVICE_FAMILY = 4;
				TEST_HOST = "$(BUILT_PRODUCTS_DIR)/CraveWatch Watch App.app/$(BUNDLE_EXECUTABLE_FOLDER_PATH)/CraveWatch Watch App";
				WATCHOS_DEPLOYMENT_TARGET = 11.2;
			};
			name = Release;
		};
		28A3F8F42D65973500D8DE44 /* Debug */ = {
			isa = XCBuildConfiguration;
			buildSettings = {
				CODE_SIGN_STYLE = Automatic;
				CURRENT_PROJECT_VERSION = 1;
				DEVELOPMENT_TEAM = HJ7W9PTAD8;
				GENERATE_INFOPLIST_FILE = YES;
				MARKETING_VERSION = 1.0;
				PRODUCT_BUNDLE_IDENTIFIER = "com.Novamind.CRAVE.CraveWatch-Watch-AppUITests";
				PRODUCT_NAME = "$(TARGET_NAME)";
				SDKROOT = watchos;
				SWIFT_EMIT_LOC_STRINGS = NO;
				SWIFT_VERSION = 5.0;
				TARGETED_DEVICE_FAMILY = 4;
				TEST_TARGET_NAME = "CraveWatch Watch App";
				WATCHOS_DEPLOYMENT_TARGET = 11.2;
			};
			name = Debug;
		};
		28A3F8F52D65973500D8DE44 /* Release */ = {
			isa = XCBuildConfiguration;
			buildSettings = {
				CODE_SIGN_STYLE = Automatic;
				CURRENT_PROJECT_VERSION = 1;
				DEVELOPMENT_TEAM = HJ7W9PTAD8;
				GENERATE_INFOPLIST_FILE = YES;
				MARKETING_VERSION = 1.0;
				PRODUCT_BUNDLE_IDENTIFIER = "com.Novamind.CRAVE.CraveWatch-Watch-AppUITests";
				PRODUCT_NAME = "$(TARGET_NAME)";
				SDKROOT = watchos;
				SWIFT_EMIT_LOC_STRINGS = NO;
				SWIFT_VERSION = 5.0;
				TARGETED_DEVICE_FAMILY = 4;
				TEST_TARGET_NAME = "CraveWatch Watch App";
				WATCHOS_DEPLOYMENT_TARGET = 11.2;
			};
			name = Release;
		};
		28A3F9212D65978600D8DE44 /* Debug */ = {
			isa = XCBuildConfiguration;
			buildSettings = {
				ASSETCATALOG_COMPILER_APPICON_NAME = AppIcon;
				ASSETCATALOG_COMPILER_GLOBAL_ACCENT_COLOR_NAME = AccentColor;
				CODE_SIGN_STYLE = Automatic;
				CURRENT_PROJECT_VERSION = 1;
				DEVELOPMENT_ASSET_PATHS = "\"CraveVision/Preview Content\"";
				DEVELOPMENT_TEAM = HJ7W9PTAD8;
				ENABLE_PREVIEWS = YES;
				GENERATE_INFOPLIST_FILE = YES;
				INFOPLIST_FILE = "$(TARGET_NAME)/Info.plist";
				LD_RUNPATH_SEARCH_PATHS = (
					"$(inherited)",
					"@executable_path/Frameworks",
				);
				MARKETING_VERSION = 1.0;
				PRODUCT_BUNDLE_IDENTIFIER = com.Novamind.CRAVE.CraveVision;
				PRODUCT_NAME = "$(TARGET_NAME)";
				SDKROOT = xros;
				SUPPORTED_PLATFORMS = "xros xrsimulator";
				SWIFT_EMIT_LOC_STRINGS = YES;
				SWIFT_VERSION = 5.0;
				TARGETED_DEVICE_FAMILY = 7;
				XROS_DEPLOYMENT_TARGET = 2.2;
			};
			name = Debug;
		};
		28A3F9222D65978600D8DE44 /* Release */ = {
			isa = XCBuildConfiguration;
			buildSettings = {
				ASSETCATALOG_COMPILER_APPICON_NAME = AppIcon;
				ASSETCATALOG_COMPILER_GLOBAL_ACCENT_COLOR_NAME = AccentColor;
				CODE_SIGN_STYLE = Automatic;
				CURRENT_PROJECT_VERSION = 1;
				DEVELOPMENT_ASSET_PATHS = "\"CraveVision/Preview Content\"";
				DEVELOPMENT_TEAM = HJ7W9PTAD8;
				ENABLE_PREVIEWS = YES;
				GENERATE_INFOPLIST_FILE = YES;
				INFOPLIST_FILE = "$(TARGET_NAME)/Info.plist";
				LD_RUNPATH_SEARCH_PATHS = (
					"$(inherited)",
					"@executable_path/Frameworks",
				);
				MARKETING_VERSION = 1.0;
				PRODUCT_BUNDLE_IDENTIFIER = com.Novamind.CRAVE.CraveVision;
				PRODUCT_NAME = "$(TARGET_NAME)";
				SDKROOT = xros;
				SUPPORTED_PLATFORMS = "xros xrsimulator";
				SWIFT_EMIT_LOC_STRINGS = YES;
				SWIFT_VERSION = 5.0;
				TARGETED_DEVICE_FAMILY = 7;
				XROS_DEPLOYMENT_TARGET = 2.2;
			};
			name = Release;
		};
		28A3F9242D65978600D8DE44 /* Debug */ = {
			isa = XCBuildConfiguration;
			buildSettings = {
				BUNDLE_LOADER = "$(TEST_HOST)";
				CODE_SIGN_STYLE = Automatic;
				CURRENT_PROJECT_VERSION = 1;
				DEVELOPMENT_TEAM = HJ7W9PTAD8;
				GENERATE_INFOPLIST_FILE = YES;
				MARKETING_VERSION = 1.0;
				PRODUCT_BUNDLE_IDENTIFIER = com.Novamind.CRAVE.CraveVisionTests;
				PRODUCT_NAME = "$(TARGET_NAME)";
				SDKROOT = xros;
				SUPPORTED_PLATFORMS = "xros xrsimulator";
				SWIFT_EMIT_LOC_STRINGS = NO;
				SWIFT_VERSION = 5.0;
				TARGETED_DEVICE_FAMILY = 7;
				TEST_HOST = "$(BUILT_PRODUCTS_DIR)/CraveVision.app/$(BUNDLE_EXECUTABLE_FOLDER_PATH)/CraveVision";
				XROS_DEPLOYMENT_TARGET = 2.2;
			};
			name = Debug;
		};
		28A3F9252D65978600D8DE44 /* Release */ = {
			isa = XCBuildConfiguration;
			buildSettings = {
				BUNDLE_LOADER = "$(TEST_HOST)";
				CODE_SIGN_STYLE = Automatic;
				CURRENT_PROJECT_VERSION = 1;
				DEVELOPMENT_TEAM = HJ7W9PTAD8;
				GENERATE_INFOPLIST_FILE = YES;
				MARKETING_VERSION = 1.0;
				PRODUCT_BUNDLE_IDENTIFIER = com.Novamind.CRAVE.CraveVisionTests;
				PRODUCT_NAME = "$(TARGET_NAME)";
				SDKROOT = xros;
				SUPPORTED_PLATFORMS = "xros xrsimulator";
				SWIFT_EMIT_LOC_STRINGS = NO;
				SWIFT_VERSION = 5.0;
				TARGETED_DEVICE_FAMILY = 7;
				TEST_HOST = "$(BUILT_PRODUCTS_DIR)/CraveVision.app/$(BUNDLE_EXECUTABLE_FOLDER_PATH)/CraveVision";
				XROS_DEPLOYMENT_TARGET = 2.2;
			};
			name = Release;
		};
/* End XCBuildConfiguration section */

/* Begin XCConfigurationList section */
		28A3F8542D65962900D8DE44 /* Build configuration list for PBXProject "CraveTrinity" */ = {
			isa = XCConfigurationList;
			buildConfigurations = (
				28A3F87D2D65962B00D8DE44 /* Debug */,
				28A3F87E2D65962B00D8DE44 /* Release */,
			);
			defaultConfigurationIsVisible = 0;
			defaultConfigurationName = Release;
		};
		28A3F87F2D65962B00D8DE44 /* Build configuration list for PBXNativeTarget "CravePhone" */ = {
			isa = XCConfigurationList;
			buildConfigurations = (
				28A3F8802D65962B00D8DE44 /* Debug */,
				28A3F8812D65962B00D8DE44 /* Release */,
			);
			defaultConfigurationIsVisible = 0;
			defaultConfigurationName = Release;
		};
		28A3F8822D65962B00D8DE44 /* Build configuration list for PBXNativeTarget "CravePhoneTests" */ = {
			isa = XCConfigurationList;
			buildConfigurations = (
				28A3F8832D65962B00D8DE44 /* Debug */,
				28A3F8842D65962B00D8DE44 /* Release */,
			);
			defaultConfigurationIsVisible = 0;
			defaultConfigurationName = Release;
		};
		28A3F8852D65962B00D8DE44 /* Build configuration list for PBXNativeTarget "CravePhoneUITests" */ = {
			isa = XCConfigurationList;
			buildConfigurations = (
				28A3F8862D65962B00D8DE44 /* Debug */,
				28A3F8872D65962B00D8DE44 /* Release */,
			);
			defaultConfigurationIsVisible = 0;
			defaultConfigurationName = Release;
		};
		28A3F8ED2D65973500D8DE44 /* Build configuration list for PBXNativeTarget "CraveWatch Watch App" */ = {
			isa = XCConfigurationList;
			buildConfigurations = (
				28A3F8EE2D65973500D8DE44 /* Debug */,
				28A3F8EF2D65973500D8DE44 /* Release */,
			);
			defaultConfigurationIsVisible = 0;
			defaultConfigurationName = Release;
		};
		28A3F8F02D65973500D8DE44 /* Build configuration list for PBXNativeTarget "CraveWatch Watch AppTests" */ = {
			isa = XCConfigurationList;
			buildConfigurations = (
				28A3F8F12D65973500D8DE44 /* Debug */,
				28A3F8F22D65973500D8DE44 /* Release */,
			);
			defaultConfigurationIsVisible = 0;
			defaultConfigurationName = Release;
		};
		28A3F8F32D65973500D8DE44 /* Build configuration list for PBXNativeTarget "CraveWatch Watch AppUITests" */ = {
			isa = XCConfigurationList;
			buildConfigurations = (
				28A3F8F42D65973500D8DE44 /* Debug */,
				28A3F8F52D65973500D8DE44 /* Release */,
			);
			defaultConfigurationIsVisible = 0;
			defaultConfigurationName = Release;
		};
		28A3F9202D65978600D8DE44 /* Build configuration list for PBXNativeTarget "CraveVision" */ = {
			isa = XCConfigurationList;
			buildConfigurations = (
				28A3F9212D65978600D8DE44 /* Debug */,
				28A3F9222D65978600D8DE44 /* Release */,
			);
			defaultConfigurationIsVisible = 0;
			defaultConfigurationName = Release;
		};
		28A3F9232D65978600D8DE44 /* Build configuration list for PBXNativeTarget "CraveVisionTests" */ = {
			isa = XCConfigurationList;
			buildConfigurations = (
				28A3F9242D65978600D8DE44 /* Debug */,
				28A3F9252D65978600D8DE44 /* Release */,
			);
			defaultConfigurationIsVisible = 0;
			defaultConfigurationName = Release;
		};
/* End XCConfigurationList section */

/* Begin XCSwiftPackageProductDependency section */
		28A3F9092D65978500D8DE44 /* RealityKitContent */ = {
			isa = XCSwiftPackageProductDependency;
			productName = RealityKitContent;
		};
/* End XCSwiftPackageProductDependency section */
	};
	rootObject = 28A3F8512D65962900D8DE44 /* Project object */;
}
